
Microsoft Visual Studio Solution File, Format Version 12.00
# Visual Studio Version 17
VisualStudioVersion = 17.2.32616.157
MinimumVisualStudioVersion = 10.0.40219.1
Project("{FAE04EC0-301F-11D3-BF4B-00C04F79EFBC}") = "pryIEFIBonacci", "pryIEFIBonacci.csproj", "{0F8BF00C-F06E-4A1E-A292-3070967C8C53}"
EndProject
Global
	GlobalSection(SolutionConfigurationPlatforms) = preSolution
		Debug|Any CPU = Debug|Any CPU
		Release|Any CPU = Release|Any CPU
	EndGlobalSection
	GlobalSection(ProjectConfigurationPlatforms) = postSolution
		{0F8BF00C-F06E-4A1E-A292-3070967C8C53}.Debug|Any CPU.ActiveCfg = Debug|Any CPU
		{0F8BF00C-F06E-4A1E-A292-3070967C8C53}.Debug|Any CPU.Build.0 = Debug|Any CPU
		{0F8BF00C-F06E-4A1E-A292-3070967C8C53}.Release|Any CPU.ActiveCfg = Release|Any CPU
		{0F8BF00C-F06E-4A1E-A292-3070967C8C53}.Release|Any CPU.Build.0 = Release|Any CPU
	EndGlobalSection
	GlobalSection(SolutionProperties) = preSolution
		HideSolutionNode = FALSE
	EndGlobalSection
	GlobalSection(ExtensibilityGlobals) = postSolution
		SolutionGuid = {B2678920-E37F-4475-A2D2-A420F8FAE5C5}
	EndGlobalSection
EndGlobal
